// !$*UTF8*$!
{
	archiveVersion = 1;
	classes = {
	};
	objectVersion = 46;
	objects = {

/* Begin PBXBuildFile section */
		461E52101E667B65000EB185 /* AppDelegate.swift in Sources */ = {isa = PBXBuildFile; fileRef = 461E520F1E667B65000EB185 /* AppDelegate.swift */; };
		461E52121E667B65000EB185 /* SigninVC.swift in Sources */ = {isa = PBXBuildFile; fileRef = 461E52111E667B65000EB185 /* SigninVC.swift */; };
		461E52151E667B65000EB185 /* Main.storyboard in Resources */ = {isa = PBXBuildFile; fileRef = 461E52131E667B65000EB185 /* Main.storyboard */; };
		461E52171E667B65000EB185 /* Assets.xcassets in Resources */ = {isa = PBXBuildFile; fileRef = 461E52161E667B65000EB185 /* Assets.xcassets */; };
		461E521A1E667B65000EB185 /* LaunchScreen.storyboard in Resources */ = {isa = PBXBuildFile; fileRef = 461E52181E667B65000EB185 /* LaunchScreen.storyboard */; };
		461E52251E667B65000EB185 /* SocialMediaTests.swift in Sources */ = {isa = PBXBuildFile; fileRef = 461E52241E667B65000EB185 /* SocialMediaTests.swift */; };
		461E52BF1E670479000EB185 /* GeoFire.m in Sources */ = {isa = PBXBuildFile; fileRef = 461E52B61E670479000EB185 /* GeoFire.m */; };
		461E52C01E670479000EB185 /* GFBase32Utils.m in Sources */ = {isa = PBXBuildFile; fileRef = 461E52B81E670479000EB185 /* GFBase32Utils.m */; };
		461E52C11E670479000EB185 /* GFGeoHash.m in Sources */ = {isa = PBXBuildFile; fileRef = 461E52BA1E670479000EB185 /* GFGeoHash.m */; };
		461E52C21E670479000EB185 /* GFGeoHashQuery.m in Sources */ = {isa = PBXBuildFile; fileRef = 461E52BC1E670479000EB185 /* GFGeoHashQuery.m */; };
		461E52C31E670479000EB185 /* GFQuery.m in Sources */ = {isa = PBXBuildFile; fileRef = 461E52BE1E670479000EB185 /* GFQuery.m */; };
		461E52C71E6704EE000EB185 /* GoogleService-Info.plist in Resources */ = {isa = PBXBuildFile; fileRef = 461E52C61E6704EE000EB185 /* GoogleService-Info.plist */; };
		46EA48C91E699F34000669A9 /* FancyView.swift in Sources */ = {isa = PBXBuildFile; fileRef = 46EA48C81E699F34000669A9 /* FancyView.swift */; };
		46EA48CC1E69A0E5000669A9 /* Constants.swift in Sources */ = {isa = PBXBuildFile; fileRef = 46EA48CB1E69A0E5000669A9 /* Constants.swift */; };
		46EA48CE1E69A7CA000669A9 /* RoundBtn.swift in Sources */ = {isa = PBXBuildFile; fileRef = 46EA48CD1E69A7CA000669A9 /* RoundBtn.swift */; };
		46EA48D21E69B5A4000669A9 /* TextFieldBorder.swift in Sources */ = {isa = PBXBuildFile; fileRef = 46EA48D11E69B5A4000669A9 /* TextFieldBorder.swift */; };
		46EA48D41E6AF3F3000669A9 /* SigninBtn.swift in Sources */ = {isa = PBXBuildFile; fileRef = 46EA48D31E6AF3F3000669A9 /* SigninBtn.swift */; };
		9D0D5BE978CB84A0A691C778 /* Pods_SocialMedia.framework in Frameworks */ = {isa = PBXBuildFile; fileRef = B016F2DCDA46A2743D3CE3F9 /* Pods_SocialMedia.framework */; };
/* End PBXBuildFile section */

/* Begin PBXContainerItemProxy section */
		461E52211E667B65000EB185 /* PBXContainerItemProxy */ = {
			isa = PBXContainerItemProxy;
			containerPortal = 461E52041E667B65000EB185 /* Project object */;
			proxyType = 1;
			remoteGlobalIDString = 461E520B1E667B65000EB185;
			remoteInfo = SocialMedia;
		};
/* End PBXContainerItemProxy section */

/* Begin PBXFileReference section */
		461E520C1E667B65000EB185 /* SocialMedia.app */ = {isa = PBXFileReference; explicitFileType = wrapper.application; includeInIndex = 0; path = SocialMedia.app; sourceTree = BUILT_PRODUCTS_DIR; };
		461E520F1E667B65000EB185 /* AppDelegate.swift */ = {isa = PBXFileReference; lastKnownFileType = sourcecode.swift; path = AppDelegate.swift; sourceTree = "<group>"; };
		461E52111E667B65000EB185 /* SigninVC.swift */ = {isa = PBXFileReference; lastKnownFileType = sourcecode.swift; path = SigninVC.swift; sourceTree = "<group>"; };
		461E52141E667B65000EB185 /* Base */ = {isa = PBXFileReference; lastKnownFileType = file.storyboard; name = Base; path = Base.lproj/Main.storyboard; sourceTree = "<group>"; };
		461E52161E667B65000EB185 /* Assets.xcassets */ = {isa = PBXFileReference; lastKnownFileType = folder.assetcatalog; path = Assets.xcassets; sourceTree = "<group>"; };
		461E52191E667B65000EB185 /* Base */ = {isa = PBXFileReference; lastKnownFileType = file.storyboard; name = Base; path = Base.lproj/LaunchScreen.storyboard; sourceTree = "<group>"; };
		461E521B1E667B65000EB185 /* Info.plist */ = {isa = PBXFileReference; lastKnownFileType = text.plist.xml; path = Info.plist; sourceTree = "<group>"; };
		461E52201E667B65000EB185 /* SocialMediaTests.xctest */ = {isa = PBXFileReference; explicitFileType = wrapper.cfbundle; includeInIndex = 0; path = SocialMediaTests.xctest; sourceTree = BUILT_PRODUCTS_DIR; };
		461E52241E667B65000EB185 /* SocialMediaTests.swift */ = {isa = PBXFileReference; lastKnownFileType = sourcecode.swift; path = SocialMediaTests.swift; sourceTree = "<group>"; };
		461E52261E667B65000EB185 /* Info.plist */ = {isa = PBXFileReference; lastKnownFileType = text.plist.xml; path = Info.plist; sourceTree = "<group>"; };
		461E52AF1E670479000EB185 /* GeoFire.h */ = {isa = PBXFileReference; fileEncoding = 4; lastKnownFileType = sourcecode.c.h; path = GeoFire.h; sourceTree = "<group>"; };
		461E52B01E670479000EB185 /* GFCircleQuery.h */ = {isa = PBXFileReference; fileEncoding = 4; lastKnownFileType = sourcecode.c.h; path = GFCircleQuery.h; sourceTree = "<group>"; };
		461E52B11E670479000EB185 /* GFQuery.h */ = {isa = PBXFileReference; fileEncoding = 4; lastKnownFileType = sourcecode.c.h; path = GFQuery.h; sourceTree = "<group>"; };
		461E52B21E670479000EB185 /* GFRegionQuery.h */ = {isa = PBXFileReference; fileEncoding = 4; lastKnownFileType = sourcecode.c.h; path = GFRegionQuery.h; sourceTree = "<group>"; };
		461E52B31E670479000EB185 /* GeoFire-Prefix.pch */ = {isa = PBXFileReference; fileEncoding = 4; lastKnownFileType = sourcecode.c.h; path = "GeoFire-Prefix.pch"; sourceTree = "<group>"; };
		461E52B51E670479000EB185 /* GeoFire+Private.h */ = {isa = PBXFileReference; fileEncoding = 4; lastKnownFileType = sourcecode.c.h; path = "GeoFire+Private.h"; sourceTree = "<group>"; };
		461E52B61E670479000EB185 /* GeoFire.m */ = {isa = PBXFileReference; fileEncoding = 4; lastKnownFileType = sourcecode.c.objc; path = GeoFire.m; sourceTree = "<group>"; };
		461E52B71E670479000EB185 /* GFBase32Utils.h */ = {isa = PBXFileReference; fileEncoding = 4; lastKnownFileType = sourcecode.c.h; path = GFBase32Utils.h; sourceTree = "<group>"; };
		461E52B81E670479000EB185 /* GFBase32Utils.m */ = {isa = PBXFileReference; fileEncoding = 4; lastKnownFileType = sourcecode.c.objc; path = GFBase32Utils.m; sourceTree = "<group>"; };
		461E52B91E670479000EB185 /* GFGeoHash.h */ = {isa = PBXFileReference; fileEncoding = 4; lastKnownFileType = sourcecode.c.h; path = GFGeoHash.h; sourceTree = "<group>"; };
		461E52BA1E670479000EB185 /* GFGeoHash.m */ = {isa = PBXFileReference; fileEncoding = 4; lastKnownFileType = sourcecode.c.objc; path = GFGeoHash.m; sourceTree = "<group>"; };
		461E52BB1E670479000EB185 /* GFGeoHashQuery.h */ = {isa = PBXFileReference; fileEncoding = 4; lastKnownFileType = sourcecode.c.h; path = GFGeoHashQuery.h; sourceTree = "<group>"; };
		461E52BC1E670479000EB185 /* GFGeoHashQuery.m */ = {isa = PBXFileReference; fileEncoding = 4; lastKnownFileType = sourcecode.c.objc; path = GFGeoHashQuery.m; sourceTree = "<group>"; };
		461E52BD1E670479000EB185 /* GFQuery+Private.h */ = {isa = PBXFileReference; fileEncoding = 4; lastKnownFileType = sourcecode.c.h; path = "GFQuery+Private.h"; sourceTree = "<group>"; };
		461E52BE1E670479000EB185 /* GFQuery.m */ = {isa = PBXFileReference; fileEncoding = 4; lastKnownFileType = sourcecode.c.objc; path = GFQuery.m; sourceTree = "<group>"; };
		461E52C61E6704EE000EB185 /* GoogleService-Info.plist */ = {isa = PBXFileReference; fileEncoding = 4; lastKnownFileType = text.plist.xml; name = "GoogleService-Info.plist"; path = "GeoFire/GoogleService-Info.plist"; sourceTree = "<group>"; };
		46EA48C81E699F34000669A9 /* FancyView.swift */ = {isa = PBXFileReference; fileEncoding = 4; lastKnownFileType = sourcecode.swift; path = FancyView.swift; sourceTree = "<group>"; };
		46EA48CB1E69A0E5000669A9 /* Constants.swift */ = {isa = PBXFileReference; fileEncoding = 4; lastKnownFileType = sourcecode.swift; path = Constants.swift; sourceTree = "<group>"; };
		46EA48CD1E69A7CA000669A9 /* RoundBtn.swift */ = {isa = PBXFileReference; fileEncoding = 4; lastKnownFileType = sourcecode.swift; path = RoundBtn.swift; sourceTree = "<group>"; };
		46EA48D11E69B5A4000669A9 /* TextFieldBorder.swift */ = {isa = PBXFileReference; fileEncoding = 4; lastKnownFileType = sourcecode.swift; path = TextFieldBorder.swift; sourceTree = "<group>"; };
		46EA48D31E6AF3F3000669A9 /* SigninBtn.swift */ = {isa = PBXFileReference; fileEncoding = 4; lastKnownFileType = sourcecode.swift; path = SigninBtn.swift; sourceTree = "<group>"; };
		6DF082F50DA5022537C31831 /* Pods-SocialMedia.release.xcconfig */ = {isa = PBXFileReference; includeInIndex = 1; lastKnownFileType = text.xcconfig; name = "Pods-SocialMedia.release.xcconfig"; path = "Pods/Target Support Files/Pods-SocialMedia/Pods-SocialMedia.release.xcconfig"; sourceTree = "<group>"; };
		907A835EF93D675FB92F5763 /* Pods_SocialMediaTests.framework */ = {isa = PBXFileReference; explicitFileType = wrapper.framework; includeInIndex = 0; path = Pods_SocialMediaTests.framework; sourceTree = BUILT_PRODUCTS_DIR; };
		A5252CCF6A7544DC840FBEDF /* Pods-SocialMedia.debug.xcconfig */ = {isa = PBXFileReference; includeInIndex = 1; lastKnownFileType = text.xcconfig; name = "Pods-SocialMedia.debug.xcconfig"; path = "Pods/Target Support Files/Pods-SocialMedia/Pods-SocialMedia.debug.xcconfig"; sourceTree = "<group>"; };
		B016F2DCDA46A2743D3CE3F9 /* Pods_SocialMedia.framework */ = {isa = PBXFileReference; explicitFileType = wrapper.framework; includeInIndex = 0; path = Pods_SocialMedia.framework; sourceTree = BUILT_PRODUCTS_DIR; };
/* End PBXFileReference section */

/* Begin PBXFrameworksBuildPhase section */
		461E52091E667B65000EB185 /* Frameworks */ = {
			isa = PBXFrameworksBuildPhase;
			buildActionMask = 2147483647;
			files = (
				9D0D5BE978CB84A0A691C778 /* Pods_SocialMedia.framework in Frameworks */,
			);
			runOnlyForDeploymentPostprocessing = 0;
		};
		461E521D1E667B65000EB185 /* Frameworks */ = {
			isa = PBXFrameworksBuildPhase;
			buildActionMask = 2147483647;
			files = (
			);
			runOnlyForDeploymentPostprocessing = 0;
		};
/* End PBXFrameworksBuildPhase section */

/* Begin PBXGroup section */
		461E52031E667B65000EB185 = {
			isa = PBXGroup;
			children = (
				461E520E1E667B65000EB185 /* SocialMedia */,
				461E52311E667BC7000EB185 /* Resources */,
				461E52231E667B65000EB185 /* SocialMediaTests */,
				461E520D1E667B65000EB185 /* Products */,
				E1C15940FC1E899DF6D74B47 /* Pods */,
				9614256258BEFFDBDDA0224A /* Frameworks */,
			);
			sourceTree = "<group>";
		};
		461E520D1E667B65000EB185 /* Products */ = {
			isa = PBXGroup;
			children = (
				461E520C1E667B65000EB185 /* SocialMedia.app */,
				461E52201E667B65000EB185 /* SocialMediaTests.xctest */,
			);
			name = Products;
			sourceTree = "<group>";
		};
		461E520E1E667B65000EB185 /* SocialMedia */ = {
			isa = PBXGroup;
			children = (
				46EA48CA1E69A084000669A9 /* Util */,
				46EA48C71E699ECA000669A9 /* View */,
				461E52AD1E670479000EB185 /* GeoFire */,
				461E52301E667BB8000EB185 /* Model */,
				461E522F1E667BA6000EB185 /* Controllers */,
				461E520F1E667B65000EB185 /* AppDelegate.swift */,
				461E52C61E6704EE000EB185 /* GoogleService-Info.plist */,
				461E52131E667B65000EB185 /* Main.storyboard */,
				461E52181E667B65000EB185 /* LaunchScreen.storyboard */,
			);
			path = SocialMedia;
			sourceTree = "<group>";
		};
		461E52231E667B65000EB185 /* SocialMediaTests */ = {
			isa = PBXGroup;
			children = (
				461E52241E667B65000EB185 /* SocialMediaTests.swift */,
				461E52261E667B65000EB185 /* Info.plist */,
			);
			path = SocialMediaTests;
			sourceTree = "<group>";
		};
		461E522F1E667BA6000EB185 /* Controllers */ = {
			isa = PBXGroup;
			children = (
				461E52111E667B65000EB185 /* SigninVC.swift */,
			);
			name = Controllers;
			sourceTree = "<group>";
		};
		461E52301E667BB8000EB185 /* Model */ = {
			isa = PBXGroup;
			children = (
			);
			name = Model;
			sourceTree = "<group>";
		};
		461E52311E667BC7000EB185 /* Resources */ = {
			isa = PBXGroup;
			children = (
				461E521B1E667B65000EB185 /* Info.plist */,
				461E52161E667B65000EB185 /* Assets.xcassets */,
			);
			name = Resources;
			path = SocialMedia;
			sourceTree = "<group>";
		};
		461E52AD1E670479000EB185 /* GeoFire */ = {
			isa = PBXGroup;
			children = (
				461E52AE1E670479000EB185 /* API */,
				461E52B31E670479000EB185 /* GeoFire-Prefix.pch */,
				461E52B41E670479000EB185 /* Implementation */,
			);
			path = GeoFire;
			sourceTree = "<group>";
		};
		461E52AE1E670479000EB185 /* API */ = {
			isa = PBXGroup;
			children = (
				461E52AF1E670479000EB185 /* GeoFire.h */,
				461E52B01E670479000EB185 /* GFCircleQuery.h */,
				461E52B11E670479000EB185 /* GFQuery.h */,
				461E52B21E670479000EB185 /* GFRegionQuery.h */,
			);
			path = API;
			sourceTree = "<group>";
		};
		461E52B41E670479000EB185 /* Implementation */ = {
			isa = PBXGroup;
			children = (
				461E52B51E670479000EB185 /* GeoFire+Private.h */,
				461E52B61E670479000EB185 /* GeoFire.m */,
				461E52B71E670479000EB185 /* GFBase32Utils.h */,
				461E52B81E670479000EB185 /* GFBase32Utils.m */,
				461E52B91E670479000EB185 /* GFGeoHash.h */,
				461E52BA1E670479000EB185 /* GFGeoHash.m */,
				461E52BB1E670479000EB185 /* GFGeoHashQuery.h */,
				461E52BC1E670479000EB185 /* GFGeoHashQuery.m */,
				461E52BD1E670479000EB185 /* GFQuery+Private.h */,
				461E52BE1E670479000EB185 /* GFQuery.m */,
			);
			path = Implementation;
			sourceTree = "<group>";
		};
		46EA48C71E699ECA000669A9 /* View */ = {
			isa = PBXGroup;
			children = (
				46EA48C81E699F34000669A9 /* FancyView.swift */,
				46EA48CD1E69A7CA000669A9 /* RoundBtn.swift */,
				46EA48D11E69B5A4000669A9 /* TextFieldBorder.swift */,
				46EA48D31E6AF3F3000669A9 /* SigninBtn.swift */,
			);
			name = View;
			sourceTree = "<group>";
		};
		46EA48CA1E69A084000669A9 /* Util */ = {
			isa = PBXGroup;
			children = (
				46EA48CB1E69A0E5000669A9 /* Constants.swift */,
			);
			name = Util;
			sourceTree = "<group>";
		};
		9614256258BEFFDBDDA0224A /* Frameworks */ = {
			isa = PBXGroup;
			children = (
				B016F2DCDA46A2743D3CE3F9 /* Pods_SocialMedia.framework */,
				907A835EF93D675FB92F5763 /* Pods_SocialMediaTests.framework */,
			);
			name = Frameworks;
			sourceTree = "<group>";
		};
		E1C15940FC1E899DF6D74B47 /* Pods */ = {
			isa = PBXGroup;
			children = (
				A5252CCF6A7544DC840FBEDF /* Pods-SocialMedia.debug.xcconfig */,
				6DF082F50DA5022537C31831 /* Pods-SocialMedia.release.xcconfig */,
			);
			name = Pods;
			sourceTree = "<group>";
		};
/* End PBXGroup section */

/* Begin PBXNativeTarget section */
		461E520B1E667B65000EB185 /* SocialMedia */ = {
			isa = PBXNativeTarget;
			buildConfigurationList = 461E52291E667B65000EB185 /* Build configuration list for PBXNativeTarget "SocialMedia" */;
			buildPhases = (
				EFEF6A4C0DC5B895CCD06183 /* [CP] Check Pods Manifest.lock */,
				461E52081E667B65000EB185 /* Sources */,
				461E52091E667B65000EB185 /* Frameworks */,
				461E520A1E667B65000EB185 /* Resources */,
				C4D4E8DF0F659E67BFD5BC37 /* [CP] Embed Pods Frameworks */,
				A5CB724D2D69FC3EF4A9EE2B /* [CP] Copy Pods Resources */,
			);
			buildRules = (
			);
			dependencies = (
			);
			name = SocialMedia;
			productName = SocialMedia;
			productReference = 461E520C1E667B65000EB185 /* SocialMedia.app */;
			productType = "com.apple.product-type.application";
		};
		461E521F1E667B65000EB185 /* SocialMediaTests */ = {
			isa = PBXNativeTarget;
			buildConfigurationList = 461E522C1E667B65000EB185 /* Build configuration list for PBXNativeTarget "SocialMediaTests" */;
			buildPhases = (
				461E521C1E667B65000EB185 /* Sources */,
				461E521D1E667B65000EB185 /* Frameworks */,
				461E521E1E667B65000EB185 /* Resources */,
			);
			buildRules = (
			);
			dependencies = (
				461E52221E667B65000EB185 /* PBXTargetDependency */,
			);
			name = SocialMediaTests;
			productName = SocialMediaTests;
			productReference = 461E52201E667B65000EB185 /* SocialMediaTests.xctest */;
			productType = "com.apple.product-type.bundle.unit-test";
		};
/* End PBXNativeTarget section */

/* Begin PBXProject section */
		461E52041E667B65000EB185 /* Project object */ = {
			isa = PBXProject;
			attributes = {
				LastSwiftUpdateCheck = 0830;
				LastUpgradeCheck = 0830;
				ORGANIZATIONNAME = "App Whole";
				TargetAttributes = {
					461E520B1E667B65000EB185 = {
						CreatedOnToolsVersion = 8.3;
						DevelopmentTeam = 95F8PNQ5H2;
						ProvisioningStyle = Automatic;
					};
					461E521F1E667B65000EB185 = {
						CreatedOnToolsVersion = 8.3;
						DevelopmentTeam = 95F8PNQ5H2;
						ProvisioningStyle = Automatic;
						TestTargetID = 461E520B1E667B65000EB185;
					};
				};
			};
			buildConfigurationList = 461E52071E667B65000EB185 /* Build configuration list for PBXProject "SocialMedia" */;
			compatibilityVersion = "Xcode 3.2";
			developmentRegion = English;
			hasScannedForEncodings = 0;
			knownRegions = (
				en,
				Base,
			);
			mainGroup = 461E52031E667B65000EB185;
			productRefGroup = 461E520D1E667B65000EB185 /* Products */;
			projectDirPath = "";
			projectRoot = "";
			targets = (
				461E520B1E667B65000EB185 /* SocialMedia */,
				461E521F1E667B65000EB185 /* SocialMediaTests */,
			);
		};
/* End PBXProject section */

/* Begin PBXResourcesBuildPhase section */
		461E520A1E667B65000EB185 /* Resources */ = {
			isa = PBXResourcesBuildPhase;
			buildActionMask = 2147483647;
			files = (
				461E521A1E667B65000EB185 /* LaunchScreen.storyboard in Resources */,
				461E52171E667B65000EB185 /* Assets.xcassets in Resources */,
				461E52151E667B65000EB185 /* Main.storyboard in Resources */,
				461E52C71E6704EE000EB185 /* GoogleService-Info.plist in Resources */,
			);
			runOnlyForDeploymentPostprocessing = 0;
		};
		461E521E1E667B65000EB185 /* Resources */ = {
			isa = PBXResourcesBuildPhase;
			buildActionMask = 2147483647;
			files = (
			);
			runOnlyForDeploymentPostprocessing = 0;
		};
/* End PBXResourcesBuildPhase section */

/* Begin PBXShellScriptBuildPhase section */
		A5CB724D2D69FC3EF4A9EE2B /* [CP] Copy Pods Resources */ = {
			isa = PBXShellScriptBuildPhase;
			buildActionMask = 2147483647;
			files = (
			);
			inputPaths = (
			);
			name = "[CP] Copy Pods Resources";
			outputPaths = (
			);
			runOnlyForDeploymentPostprocessing = 0;
			shellPath = /bin/sh;
			shellScript = "\"${SRCROOT}/Pods/Target Support Files/Pods-SocialMedia/Pods-SocialMedia-resources.sh\"\n";
			showEnvVarsInLog = 0;
		};
		C4D4E8DF0F659E67BFD5BC37 /* [CP] Embed Pods Frameworks */ = {
			isa = PBXShellScriptBuildPhase;
			buildActionMask = 2147483647;
			files = (
			);
			inputPaths = (
			);
			name = "[CP] Embed Pods Frameworks";
			outputPaths = (
			);
			runOnlyForDeploymentPostprocessing = 0;
			shellPath = /bin/sh;
			shellScript = "\"${SRCROOT}/Pods/Target Support Files/Pods-SocialMedia/Pods-SocialMedia-frameworks.sh\"\n";
			showEnvVarsInLog = 0;
		};
		EFEF6A4C0DC5B895CCD06183 /* [CP] Check Pods Manifest.lock */ = {
			isa = PBXShellScriptBuildPhase;
			buildActionMask = 2147483647;
			files = (
			);
			inputPaths = (
			);
			name = "[CP] Check Pods Manifest.lock";
			outputPaths = (
			);
			runOnlyForDeploymentPostprocessing = 0;
			shellPath = /bin/sh;
			shellScript = "diff \"${PODS_ROOT}/../Podfile.lock\" \"${PODS_ROOT}/Manifest.lock\" > /dev/null\nif [ $? != 0 ] ; then\n    # print error to STDERR\n    echo \"error: The sandbox is not in sync with the Podfile.lock. Run 'pod install' or update your CocoaPods installation.\" >&2\n    exit 1\nfi\n";
			showEnvVarsInLog = 0;
		};
/* End PBXShellScriptBuildPhase section */

/* Begin PBXSourcesBuildPhase section */
		461E52081E667B65000EB185 /* Sources */ = {
			isa = PBXSourcesBuildPhase;
			buildActionMask = 2147483647;
			files = (
				461E52C01E670479000EB185 /* GFBase32Utils.m in Sources */,
				46EA48CE1E69A7CA000669A9 /* RoundBtn.swift in Sources */,
				461E52121E667B65000EB185 /* SigninVC.swift in Sources */,
				461E52C11E670479000EB185 /* GFGeoHash.m in Sources */,
				461E52101E667B65000EB185 /* AppDelegate.swift in Sources */,
				461E52BF1E670479000EB185 /* GeoFire.m in Sources */,
				46EA48D41E6AF3F3000669A9 /* SigninBtn.swift in Sources */,
				46EA48D21E69B5A4000669A9 /* TextFieldBorder.swift in Sources */,
				461E52C21E670479000EB185 /* GFGeoHashQuery.m in Sources */,
				46EA48C91E699F34000669A9 /* FancyView.swift in Sources */,
				461E52C31E670479000EB185 /* GFQuery.m in Sources */,
				46EA48CC1E69A0E5000669A9 /* Constants.swift in Sources */,
			);
			runOnlyForDeploymentPostprocessing = 0;
		};
		461E521C1E667B65000EB185 /* Sources */ = {
			isa = PBXSourcesBuildPhase;
			buildActionMask = 2147483647;
			files = (
				461E52251E667B65000EB185 /* SocialMediaTests.swift in Sources */,
			);
			runOnlyForDeploymentPostprocessing = 0;
		};
/* End PBXSourcesBuildPhase section */

/* Begin PBXTargetDependency section */
		461E52221E667B65000EB185 /* PBXTargetDependency */ = {
			isa = PBXTargetDependency;
			target = 461E520B1E667B65000EB185 /* SocialMedia */;
			targetProxy = 461E52211E667B65000EB185 /* PBXContainerItemProxy */;
		};
/* End PBXTargetDependency section */

/* Begin PBXVariantGroup section */
		461E52131E667B65000EB185 /* Main.storyboard */ = {
			isa = PBXVariantGroup;
			children = (
				461E52141E667B65000EB185 /* Base */,
			);
			name = Main.storyboard;
			sourceTree = "<group>";
		};
		461E52181E667B65000EB185 /* LaunchScreen.storyboard */ = {
			isa = PBXVariantGroup;
			children = (
				461E52191E667B65000EB185 /* Base */,
			);
			name = LaunchScreen.storyboard;
			sourceTree = "<group>";
		};
/* End PBXVariantGroup section */

/* Begin XCBuildConfiguration section */
		461E52271E667B65000EB185 /* Debug */ = {
			isa = XCBuildConfiguration;
			buildSettings = {
				ALWAYS_SEARCH_USER_PATHS = NO;
				CLANG_ANALYZER_NONNULL = YES;
				CLANG_ANALYZER_NUMBER_OBJECT_CONVERSION = YES_AGGRESSIVE;
				CLANG_CXX_LANGUAGE_STANDARD = "gnu++0x";
				CLANG_CXX_LIBRARY = "libc++";
				CLANG_ENABLE_MODULES = YES;
				CLANG_ENABLE_OBJC_ARC = YES;
				CLANG_WARN_BOOL_CONVERSION = YES;
				CLANG_WARN_CONSTANT_CONVERSION = YES;
				CLANG_WARN_DIRECT_OBJC_ISA_USAGE = YES_ERROR;
				CLANG_WARN_DOCUMENTATION_COMMENTS = YES;
				CLANG_WARN_EMPTY_BODY = YES;
				CLANG_WARN_ENUM_CONVERSION = YES;
				CLANG_WARN_INFINITE_RECURSION = YES;
				CLANG_WARN_INT_CONVERSION = YES;
				CLANG_WARN_OBJC_ROOT_CLASS = YES_ERROR;
				CLANG_WARN_SUSPICIOUS_MOVE = YES;
				CLANG_WARN_UNREACHABLE_CODE = YES;
				CLANG_WARN__DUPLICATE_METHOD_MATCH = YES;
				"CODE_SIGN_IDENTITY[sdk=iphoneos*]" = "iPhone Developer";
				COPY_PHASE_STRIP = NO;
				DEBUG_INFORMATION_FORMAT = dwarf;
				ENABLE_STRICT_OBJC_MSGSEND = YES;
				ENABLE_TESTABILITY = YES;
				GCC_C_LANGUAGE_STANDARD = gnu99;
				GCC_DYNAMIC_NO_PIC = NO;
				GCC_NO_COMMON_BLOCKS = YES;
				GCC_OPTIMIZATION_LEVEL = 0;
				GCC_PREPROCESSOR_DEFINITIONS = (
					"DEBUG=1",
					"$(inherited)",
				);
				GCC_WARN_64_TO_32_BIT_CONVERSION = YES;
				GCC_WARN_ABOUT_RETURN_TYPE = YES_ERROR;
				GCC_WARN_UNDECLARED_SELECTOR = YES;
				GCC_WARN_UNINITIALIZED_AUTOS = YES_AGGRESSIVE;
				GCC_WARN_UNUSED_FUNCTION = YES;
				GCC_WARN_UNUSED_VARIABLE = YES;
				IPHONEOS_DEPLOYMENT_TARGET = 10.3;
				MTL_ENABLE_DEBUG_INFO = YES;
				ONLY_ACTIVE_ARCH = YES;
				SDKROOT = iphoneos;
				SWIFT_ACTIVE_COMPILATION_CONDITIONS = DEBUG;
				SWIFT_OPTIMIZATION_LEVEL = "-Onone";
				TARGETED_DEVICE_FAMILY = "1,2";
			};
			name = Debug;
		};
		461E52281E667B65000EB185 /* Release */ = {
			isa = XCBuildConfiguration;
			buildSettings = {
				ALWAYS_SEARCH_USER_PATHS = NO;
				CLANG_ANALYZER_NONNULL = YES;
				CLANG_ANALYZER_NUMBER_OBJECT_CONVERSION = YES_AGGRESSIVE;
				CLANG_CXX_LANGUAGE_STANDARD = "gnu++0x";
				CLANG_CXX_LIBRARY = "libc++";
				CLANG_ENABLE_MODULES = YES;
				CLANG_ENABLE_OBJC_ARC = YES;
				CLANG_WARN_BOOL_CONVERSION = YES;
				CLANG_WARN_CONSTANT_CONVERSION = YES;
				CLANG_WARN_DIRECT_OBJC_ISA_USAGE = YES_ERROR;
				CLANG_WARN_DOCUMENTATION_COMMENTS = YES;
				CLANG_WARN_EMPTY_BODY = YES;
				CLANG_WARN_ENUM_CONVERSION = YES;
				CLANG_WARN_INFINITE_RECURSION = YES;
				CLANG_WARN_INT_CONVERSION = YES;
				CLANG_WARN_OBJC_ROOT_CLASS = YES_ERROR;
				CLANG_WARN_SUSPICIOUS_MOVE = YES;
				CLANG_WARN_UNREACHABLE_CODE = YES;
				CLANG_WARN__DUPLICATE_METHOD_MATCH = YES;
				"CODE_SIGN_IDENTITY[sdk=iphoneos*]" = "iPhone Developer";
				COPY_PHASE_STRIP = NO;
				DEBUG_INFORMATION_FORMAT = "dwarf-with-dsym";
				ENABLE_NS_ASSERTIONS = NO;
				ENABLE_STRICT_OBJC_MSGSEND = YES;
				GCC_C_LANGUAGE_STANDARD = gnu99;
				GCC_NO_COMMON_BLOCKS = YES;
				GCC_WARN_64_TO_32_BIT_CONVERSION = YES;
				GCC_WARN_ABOUT_RETURN_TYPE = YES_ERROR;
				GCC_WARN_UNDECLARED_SELECTOR = YES;
				GCC_WARN_UNINITIALIZED_AUTOS = YES_AGGRESSIVE;
				GCC_WARN_UNUSED_FUNCTION = YES;
				GCC_WARN_UNUSED_VARIABLE = YES;
				IPHONEOS_DEPLOYMENT_TARGET = 10.3;
				MTL_ENABLE_DEBUG_INFO = NO;
				SDKROOT = iphoneos;
				SWIFT_OPTIMIZATION_LEVEL = "-Owholemodule";
				TARGETED_DEVICE_FAMILY = "1,2";
				VALIDATE_PRODUCT = YES;
			};
			name = Release;
		};
		461E522A1E667B65000EB185 /* Debug */ = {
			isa = XCBuildConfiguration;
			baseConfigurationReference = A5252CCF6A7544DC840FBEDF /* Pods-SocialMedia.debug.xcconfig */;
			buildSettings = {
				ASSETCATALOG_COMPILER_APPICON_NAME = AppIcon;
				DEVELOPMENT_TEAM = 95F8PNQ5H2;
				INFOPLIST_FILE = SocialMedia/Info.plist;
				LD_RUNPATH_SEARCH_PATHS = "$(inherited) @executable_path/Frameworks";
				NEW_SETTING = "";
				PRODUCT_BUNDLE_IDENTIFIER = "App-Whole.SocialMedia";
				PRODUCT_NAME = "$(TARGET_NAME)";
				SWIFT_VERSION = 3.0;
			};
			name = Debug;
		};
		461E522B1E667B65000EB185 /* Release */ = {
			isa = XCBuildConfiguration;
			baseConfigurationReference = 6DF082F50DA5022537C31831 /* Pods-SocialMedia.release.xcconfig */;
			buildSettings = {
				ASSETCATALOG_COMPILER_APPICON_NAME = AppIcon;
				DEVELOPMENT_TEAM = 95F8PNQ5H2;
				INFOPLIST_FILE = SocialMedia/Info.plist;
				LD_RUNPATH_SEARCH_PATHS = "$(inherited) @executable_path/Frameworks";
				NEW_SETTING = "";
				PRODUCT_BUNDLE_IDENTIFIER = "App-Whole.SocialMedia";
				PRODUCT_NAME = "$(TARGET_NAME)";
				SWIFT_VERSION = 3.0;
			};
			name = Release;
		};
		461E522D1E667B65000EB185 /* Debug */ = {
			isa = XCBuildConfiguration;
			buildSettings = {
				ALWAYS_EMBED_SWIFT_STANDARD_LIBRARIES = YES;
				BUNDLE_LOADER = "$(TEST_HOST)";
				DEVELOPMENT_TEAM = 95F8PNQ5H2;
				INFOPLIST_FILE = SocialMediaTests/Info.plist;
				LD_RUNPATH_SEARCH_PATHS = "$(inherited) @executable_path/Frameworks @loader_path/Frameworks";
				PRODUCT_BUNDLE_IDENTIFIER = "App-Whole.SocialMediaTests";
				PRODUCT_NAME = "$(TARGET_NAME)";
				SWIFT_VERSION = 3.0;
				TEST_HOST = "$(BUILT_PRODUCTS_DIR)/SocialMedia.app/SocialMedia";
			};
			name = Debug;
		};
		461E522E1E667B65000EB185 /* Release */ = {
			isa = XCBuildConfiguration;
			buildSettings = {
				ALWAYS_EMBED_SWIFT_STANDARD_LIBRARIES = YES;
				BUNDLE_LOADER = "$(TEST_HOST)";
				DEVELOPMENT_TEAM = 95F8PNQ5H2;
				INFOPLIST_FILE = SocialMediaTests/Info.plist;
				LD_RUNPATH_SEARCH_PATHS = "$(inherited) @executable_path/Frameworks @loader_path/Frameworks";
				PRODUCT_BUNDLE_IDENTIFIER = "App-Whole.SocialMediaTests";
				PRODUCT_NAME = "$(TARGET_NAME)";
				SWIFT_VERSION = 3.0;
				TEST_HOST = "$(BUILT_PRODUCTS_DIR)/SocialMedia.app/SocialMedia";
			};
			name = Release;
		};
/* End XCBuildConfiguration section */

/* Begin XCConfigurationList section */
		461E52071E667B65000EB185 /* Build configuration list for PBXProject "SocialMedia" */ = {
			isa = XCConfigurationList;
			buildConfigurations = (
				461E52271E667B65000EB185 /* Debug */,
				461E52281E667B65000EB185 /* Release */,
			);
			defaultConfigurationIsVisible = 0;
			defaultConfigurationName = Release;
		};
		461E52291E667B65000EB185 /* Build configuration list for PBXNativeTarget "SocialMedia" */ = {
			isa = XCConfigurationList;
			buildConfigurations = (
				461E522A1E667B65000EB185 /* Debug */,
				461E522B1E667B65000EB185 /* Release */,
			);
			defaultConfigurationIsVisible = 0;
			defaultConfigurationName = Release;
		};
		461E522C1E667B65000EB185 /* Build configuration list for PBXNativeTarget "SocialMediaTests" */ = {
			isa = XCConfigurationList;
			buildConfigurations = (
				461E522D1E667B65000EB185 /* Debug */,
				461E522E1E667B65000EB185 /* Release */,
			);
			defaultConfigurationIsVisible = 0;
			defaultConfigurationName = Release;
		};
/* End XCConfigurationList section */
	};
	rootObject = 461E52041E667B65000EB185 /* Project object */;
}
